
Microsoft Visual Studio Solution File, Format Version 12.00
# Visual Studio Version 16
VisualStudioVersion = 16.0.31129.286
MinimumVisualStudioVersion = 10.0.40219.1
Project("{8BC9CEB8-8B4A-11D0-8D11-00A0C91BC942}") = "UniquePtr", "UniquePtr\UniquePtr.vcxproj", "{BB363294-790F-40AF-8E3A-E39E67A512B3}"
EndProject
Project("{8BC9CEB8-8B4A-11D0-8D11-00A0C91BC942}") = "wk5Array", "wk5Array\wk5Array.vcxproj", "{D1A6D783-C2CF-4376-8DC9-1022314A9FF4}"
EndProject
Project("{8BC9CEB8-8B4A-11D0-8D11-00A0C91BC942}") = "wk6atomic", "wk6atomic\wk6atomic.vcxproj", "{242D385C-D658-477E-BAFE-B5DBE1358BE1}"
EndProject
Project("{8BC9CEB8-8B4A-11D0-8D11-00A0C91BC942}") = "wk6filestreams", "wk6filestreams\wk6filestreams.vcxproj", "{3F47110F-6857-404A-B3FB-A334D87620BE}"
EndProject
Project("{8BC9CEB8-8B4A-11D0-8D11-00A0C91BC942}") = "wk6mutex", "wk6mutex\wk6mutex.vcxproj", "{5F655809-8897-42A0-A9C2-90C4ACA796FF}"
EndProject
Project("{8BC9CEB8-8B4A-11D0-8D11-00A0C91BC942}") = "wk6task", "wk6task\wk6task.vcxproj", "{52FDC693-F15F-428F-BFE1-B6427AFE7AAC}"
EndProject
Project("{8BC9CEB8-8B4A-11D0-8D11-00A0C91BC942}") = "wk6thread", "wk6thread\wk6thread.vcxproj", "{ADD4CC7B-8FE2-4203-BF27-35D16CA7B6E3}"
EndProject
Project("{8BC9CEB8-8B4A-11D0-8D11-00A0C91BC942}") = "Fig17_03", "Fig17_03\Fig17_03.vcxproj", "{C0A85FBA-86F4-4893-B99F-FC08032696AC}"
EndProject
Project("{8BC9CEB8-8B4A-11D0-8D11-00A0C91BC942}") = "Fig17_02", "Fig17_02\Fig17_02.vcxproj", "{65B86F9C-ED7B-4CB8-9A6B-83051F2B6E6C}"
EndProject
Project("{8BC9CEB8-8B4A-11D0-8D11-00A0C91BC942}") = "wk7arraytemplate", "wk7arraytemplate\wk7arraytemplate.vcxproj", "{D432449B-D67B-455E-80BA-718FD753150E}"
EndProject
Project("{8BC9CEB8-8B4A-11D0-8D11-00A0C91BC942}") = "fig19_03", "fig19_03\fig19_03.vcxproj", "{887D18AC-E971-450A-9F90-8A03B76FD4B0}"
EndProject
Project("{8BC9CEB8-8B4A-11D0-8D11-00A0C91BC942}") = "SingletonExample", "SingletonExample\SingletonExample.vcxproj", "{4D28C786-C385-463D-8B5D-318A0E3BDFBE}"
EndProject
Project("{8BC9CEB8-8B4A-11D0-8D11-00A0C91BC942}") = "CPP20_3way", "CPP20_3way\CPP20_3way.vcxproj", "{95E8EABA-B150-4C3A-B495-D3793ED7862C}"
EndProject
Global
	GlobalSection(SolutionConfigurationPlatforms) = preSolution
		Debug|x64 = Debug|x64
		Debug|x86 = Debug|x86
		Release|x64 = Release|x64
		Release|x86 = Release|x86
	EndGlobalSection
	GlobalSection(ProjectConfigurationPlatforms) = postSolution
		{BB363294-790F-40AF-8E3A-E39E67A512B3}.Debug|x64.ActiveCfg = Debug|x64
		{BB363294-790F-40AF-8E3A-E39E67A512B3}.Debug|x64.Build.0 = Debug|x64
		{BB363294-790F-40AF-8E3A-E39E67A512B3}.Debug|x86.ActiveCfg = Debug|Win32
		{BB363294-790F-40AF-8E3A-E39E67A512B3}.Debug|x86.Build.0 = Debug|Win32
		{BB363294-790F-40AF-8E3A-E39E67A512B3}.Release|x64.ActiveCfg = Release|x64
		{BB363294-790F-40AF-8E3A-E39E67A512B3}.Release|x64.Build.0 = Release|x64
		{BB363294-790F-40AF-8E3A-E39E67A512B3}.Release|x86.ActiveCfg = Release|Win32
		{BB363294-790F-40AF-8E3A-E39E67A512B3}.Release|x86.Build.0 = Release|Win32
		{D1A6D783-C2CF-4376-8DC9-1022314A9FF4}.Debug|x64.ActiveCfg = Debug|x64
		{D1A6D783-C2CF-4376-8DC9-1022314A9FF4}.Debug|x64.Build.0 = Debug|x64
		{D1A6D783-C2CF-4376-8DC9-1022314A9FF4}.Debug|x86.ActiveCfg = Debug|Win32
		{D1A6D783-C2CF-4376-8DC9-1022314A9FF4}.Debug|x86.Build.0 = Debug|Win32
		{D1A6D783-C2CF-4376-8DC9-1022314A9FF4}.Release|x64.ActiveCfg = Release|x64
		{D1A6D783-C2CF-4376-8DC9-1022314A9FF4}.Release|x64.Build.0 = Release|x64
		{D1A6D783-C2CF-4376-8DC9-1022314A9FF4}.Release|x86.ActiveCfg = Release|Win32
		{D1A6D783-C2CF-4376-8DC9-1022314A9FF4}.Release|x86.Build.0 = Release|Win32
		{242D385C-D658-477E-BAFE-B5DBE1358BE1}.Debug|x64.ActiveCfg = Debug|x64
		{242D385C-D658-477E-BAFE-B5DBE1358BE1}.Debug|x64.Build.0 = Debug|x64
		{242D385C-D658-477E-BAFE-B5DBE1358BE1}.Debug|x86.ActiveCfg = Debug|Win32
		{242D385C-D658-477E-BAFE-B5DBE1358BE1}.Debug|x86.Build.0 = Debug|Win32
		{242D385C-D658-477E-BAFE-B5DBE1358BE1}.Release|x64.ActiveCfg = Release|x64
		{242D385C-D658-477E-BAFE-B5DBE1358BE1}.Release|x64.Build.0 = Release|x64
		{242D385C-D658-477E-BAFE-B5DBE1358BE1}.Release|x86.ActiveCfg = Release|Win32
		{242D385C-D658-477E-BAFE-B5DBE1358BE1}.Release|x86.Build.0 = Release|Win32
		{3F47110F-6857-404A-B3FB-A334D87620BE}.Debug|x64.ActiveCfg = Debug|x64
		{3F47110F-6857-404A-B3FB-A334D87620BE}.Debug|x64.Build.0 = Debug|x64
		{3F47110F-6857-404A-B3FB-A334D87620BE}.Debug|x86.ActiveCfg = Debug|Win32
		{3F47110F-6857-404A-B3FB-A334D87620BE}.Debug|x86.Build.0 = Debug|Win32
		{3F47110F-6857-404A-B3FB-A334D87620BE}.Release|x64.ActiveCfg = Release|x64
		{3F47110F-6857-404A-B3FB-A334D87620BE}.Release|x64.Build.0 = Release|x64
		{3F47110F-6857-404A-B3FB-A334D87620BE}.Release|x86.ActiveCfg = Release|Win32
		{3F47110F-6857-404A-B3FB-A334D87620BE}.Release|x86.Build.0 = Release|Win32
		{5F655809-8897-42A0-A9C2-90C4ACA796FF}.Debug|x64.ActiveCfg = Debug|x64
		{5F655809-8897-42A0-A9C2-90C4ACA796FF}.Debug|x64.Build.0 = Debug|x64
		{5F655809-8897-42A0-A9C2-90C4ACA796FF}.Debug|x86.ActiveCfg = Debug|Win32
		{5F655809-8897-42A0-A9C2-90C4ACA796FF}.Debug|x86.Build.0 = Debug|Win32
		{5F655809-8897-42A0-A9C2-90C4ACA796FF}.Release|x64.ActiveCfg = Release|x64
		{5F655809-8897-42A0-A9C2-90C4ACA796FF}.Release|x64.Build.0 = Release|x64
		{5F655809-8897-42A0-A9C2-90C4ACA796FF}.Release|x86.ActiveCfg = Release|Win32
		{5F655809-8897-42A0-A9C2-90C4ACA796FF}.Release|x86.Build.0 = Release|Win32
		{52FDC693-F15F-428F-BFE1-B6427AFE7AAC}.Debug|x64.ActiveCfg = Debug|x64
		{52FDC693-F15F-428F-BFE1-B6427AFE7AAC}.Debug|x64.Build.0 = Debug|x64
		{52FDC693-F15F-428F-BFE1-B6427AFE7AAC}.Debug|x86.ActiveCfg = Debug|Win32
		{52FDC693-F15F-428F-BFE1-B6427AFE7AAC}.Debug|x86.Build.0 = Debug|Win32
		{52FDC693-F15F-428F-BFE1-B6427AFE7AAC}.Release|x64.ActiveCfg = Release|x64
		{52FDC693-F15F-428F-BFE1-B6427AFE7AAC}.Release|x64.Build.0 = Release|x64
		{52FDC693-F15F-428F-BFE1-B6427AFE7AAC}.Release|x86.ActiveCfg = Release|Win32
		{52FDC693-F15F-428F-BFE1-B6427AFE7AAC}.Release|x86.Build.0 = Release|Win32
		{ADD4CC7B-8FE2-4203-BF27-35D16CA7B6E3}.Debug|x64.ActiveCfg = Debug|x64
		{ADD4CC7B-8FE2-4203-BF27-35D16CA7B6E3}.Debug|x64.Build.0 = Debug|x64
		{ADD4CC7B-8FE2-4203-BF27-35D16CA7B6E3}.Debug|x86.ActiveCfg = Debug|Win32
		{ADD4CC7B-8FE2-4203-BF27-35D16CA7B6E3}.Debug|x86.Build.0 = Debug|Win32
		{ADD4CC7B-8FE2-4203-BF27-35D16CA7B6E3}.Release|x64.ActiveCfg = Release|x64
		{ADD4CC7B-8FE2-4203-BF27-35D16CA7B6E3}.Release|x64.Build.0 = Release|x64
		{ADD4CC7B-8FE2-4203-BF27-35D16CA7B6E3}.Release|x86.ActiveCfg = Release|Win32
		{ADD4CC7B-8FE2-4203-BF27-35D16CA7B6E3}.Release|x86.Build.0 = Release|Win32
		{C0A85FBA-86F4-4893-B99F-FC08032696AC}.Debug|x64.ActiveCfg = Debug|x64
		{C0A85FBA-86F4-4893-B99F-FC08032696AC}.Debug|x64.Build.0 = Debug|x64
		{C0A85FBA-86F4-4893-B99F-FC08032696AC}.Debug|x86.ActiveCfg = Debug|Win32
		{C0A85FBA-86F4-4893-B99F-FC08032696AC}.Debug|x86.Build.0 = Debug|Win32
		{C0A85FBA-86F4-4893-B99F-FC08032696AC}.Release|x64.ActiveCfg = Release|x64
		{C0A85FBA-86F4-4893-B99F-FC08032696AC}.Release|x64.Build.0 = Release|x64
		{C0A85FBA-86F4-4893-B99F-FC08032696AC}.Release|x86.ActiveCfg = Release|Win32
		{C0A85FBA-86F4-4893-B99F-FC08032696AC}.Release|x86.Build.0 = Release|Win32
		{65B86F9C-ED7B-4CB8-9A6B-83051F2B6E6C}.Debug|x64.ActiveCfg = Debug|x64
		{65B86F9C-ED7B-4CB8-9A6B-83051F2B6E6C}.Debug|x64.Build.0 = Debug|x64
		{65B86F9C-ED7B-4CB8-9A6B-83051F2B6E6C}.Debug|x86.ActiveCfg = Debug|Win32
		{65B86F9C-ED7B-4CB8-9A6B-83051F2B6E6C}.Debug|x86.Build.0 = Debug|Win32
		{65B86F9C-ED7B-4CB8-9A6B-83051F2B6E6C}.Release|x64.ActiveCfg = Release|x64
		{65B86F9C-ED7B-4CB8-9A6B-83051F2B6E6C}.Release|x64.Build.0 = Release|x64
		{65B86F9C-ED7B-4CB8-9A6B-83051F2B6E6C}.Release|x86.ActiveCfg = Release|Win32
		{65B86F9C-ED7B-4CB8-9A6B-83051F2B6E6C}.Release|x86.Build.0 = Release|Win32
		{D432449B-D67B-455E-80BA-718FD753150E}.Debug|x64.ActiveCfg = Debug|x64
		{D432449B-D67B-455E-80BA-718FD753150E}.Debug|x64.Build.0 = Debug|x64
		{D432449B-D67B-455E-80BA-718FD753150E}.Debug|x86.ActiveCfg = Debug|Win32
		{D432449B-D67B-455E-80BA-718FD753150E}.Debug|x86.Build.0 = Debug|Win32
		{D432449B-D67B-455E-80BA-718FD753150E}.Release|x64.ActiveCfg = Release|x64
		{D432449B-D67B-455E-80BA-718FD753150E}.Release|x64.Build.0 = Release|x64
		{D432449B-D67B-455E-80BA-718FD753150E}.Release|x86.ActiveCfg = Release|Win32
		{D432449B-D67B-455E-80BA-718FD753150E}.Release|x86.Build.0 = Release|Win32
		{887D18AC-E971-450A-9F90-8A03B76FD4B0}.Debug|x64.ActiveCfg = Debug|x64
		{887D18AC-E971-450A-9F90-8A03B76FD4B0}.Debug|x64.Build.0 = Debug|x64
		{887D18AC-E971-450A-9F90-8A03B76FD4B0}.Debug|x86.ActiveCfg = Debug|Win32
		{887D18AC-E971-450A-9F90-8A03B76FD4B0}.Debug|x86.Build.0 = Debug|Win32
		{887D18AC-E971-450A-9F90-8A03B76FD4B0}.Release|x64.ActiveCfg = Release|x64
		{887D18AC-E971-450A-9F90-8A03B76FD4B0}.Release|x64.Build.0 = Release|x64
		{887D18AC-E971-450A-9F90-8A03B76FD4B0}.Release|x86.ActiveCfg = Release|Win32
		{887D18AC-E971-450A-9F90-8A03B76FD4B0}.Release|x86.Build.0 = Release|Win32
		{4D28C786-C385-463D-8B5D-318A0E3BDFBE}.Debug|x64.ActiveCfg = Debug|x64
		{4D28C786-C385-463D-8B5D-318A0E3BDFBE}.Debug|x64.Build.0 = Debug|x64
		{4D28C786-C385-463D-8B5D-318A0E3BDFBE}.Debug|x86.ActiveCfg = Debug|Win32
		{4D28C786-C385-463D-8B5D-318A0E3BDFBE}.Debug|x86.Build.0 = Debug|Win32
		{4D28C786-C385-463D-8B5D-318A0E3BDFBE}.Release|x64.ActiveCfg = Release|x64
		{4D28C786-C385-463D-8B5D-318A0E3BDFBE}.Release|x64.Build.0 = Release|x64
		{4D28C786-C385-463D-8B5D-318A0E3BDFBE}.Release|x86.ActiveCfg = Release|Win32
		{4D28C786-C385-463D-8B5D-318A0E3BDFBE}.Release|x86.Build.0 = Release|Win32
		{95E8EABA-B150-4C3A-B495-D3793ED7862C}.Debug|x64.ActiveCfg = Debug|x64
		{95E8EABA-B150-4C3A-B495-D3793ED7862C}.Debug|x64.Build.0 = Debug|x64
		{95E8EABA-B150-4C3A-B495-D3793ED7862C}.Debug|x86.ActiveCfg = Debug|Win32
		{95E8EABA-B150-4C3A-B495-D3793ED7862C}.Debug|x86.Build.0 = Debug|Win32
		{95E8EABA-B150-4C3A-B495-D3793ED7862C}.Release|x64.ActiveCfg = Release|x64
		{95E8EABA-B150-4C3A-B495-D3793ED7862C}.Release|x64.Build.0 = Release|x64
		{95E8EABA-B150-4C3A-B495-D3793ED7862C}.Release|x86.ActiveCfg = Release|Win32
		{95E8EABA-B150-4C3A-B495-D3793ED7862C}.Release|x86.Build.0 = Release|Win32
	EndGlobalSection
	GlobalSection(SolutionProperties) = preSolution
		HideSolutionNode = FALSE
	EndGlobalSection
	GlobalSection(ExtensibilityGlobals) = postSolution
		SolutionGuid = {94A72F65-7192-483B-9773-80DEE0FF35BF}
	EndGlobalSection
EndGlobal
