
Microsoft Visual Studio Solution File, Format Version 12.00
# Visual Studio Version 17
VisualStudioVersion = 17.1.32421.90
MinimumVisualStudioVersion = 10.0.40219.1
Project("{8BC9CEB8-8B4A-11D0-8D11-00A0C91BC942}") = "UniquePtr", "UniquePtr\UniquePtr.vcxproj", "{BB363294-790F-40AF-8E3A-E39E67A512B3}"
EndProject
Project("{8BC9CEB8-8B4A-11D0-8D11-00A0C91BC942}") = "Filestreams", "wk6filestreams\wk6filestreams.vcxproj", "{3F47110F-6857-404A-B3FB-A334D87620BE}"
EndProject
Project("{8BC9CEB8-8B4A-11D0-8D11-00A0C91BC942}") = "ArrayTemplate", "wk7arraytemplate\wk7arraytemplate.vcxproj", "{D432449B-D67B-455E-80BA-718FD753150E}"
EndProject
Project("{8BC9CEB8-8B4A-11D0-8D11-00A0C91BC942}") = "SingletonExample", "SingletonExample\SingletonExample.vcxproj", "{4D28C786-C385-463D-8B5D-318A0E3BDFBE}"
EndProject
Project("{8BC9CEB8-8B4A-11D0-8D11-00A0C91BC942}") = "CPP20_3way", "CPP20_3way\CPP20_3way.vcxproj", "{95E8EABA-B150-4C3A-B495-D3793ED7862C}"
EndProject
Project("{8BC9CEB8-8B4A-11D0-8D11-00A0C91BC942}") = "StringsAndPointers", "StringsAndPointers\StringsAndPointers.vcxproj", "{8943104C-6DC1-4E46-8249-7252BFB5B7BC}"
EndProject
Project("{8BC9CEB8-8B4A-11D0-8D11-00A0C91BC942}") = "SimpleIterator", "SimpleIterator\SimpleIterator.vcxproj", "{BA51BEAD-EE32-4DC4-89F2-427DA4FCAFB5}"
EndProject
Project("{8BC9CEB8-8B4A-11D0-8D11-00A0C91BC942}") = "HelloWorld", "HelloWorld\HelloWorld.vcxproj", "{EE3C2FEE-E18A-4B52-A08B-E99EC382C2E1}"
EndProject
Project("{8BC9CEB8-8B4A-11D0-8D11-00A0C91BC942}") = "ClassicPointers", "ClassicPointers\ClassicPointers.vcxproj", "{6D599282-6706-4E9F-93DB-7A76CBED7C03}"
EndProject
Project("{8BC9CEB8-8B4A-11D0-8D11-00A0C91BC942}") = "BadPointer", "BadPointer\BadPointer.vcxproj", "{B57F05A1-6733-425C-A404-F614D8E15532}"
EndProject
Project("{8BC9CEB8-8B4A-11D0-8D11-00A0C91BC942}") = "SimpleArrays", "SimpleArrays\SimpleArrays.vcxproj", "{58B4A131-5CA5-44BD-B845-DB2BDC79D48F}"
EndProject
Project("{8BC9CEB8-8B4A-11D0-8D11-00A0C91BC942}") = "ReferenceExample", "ReferenceExample\ReferenceExample.vcxproj", "{3866001E-B8A1-4653-B3B3-5E086F1EB197}"
EndProject
Project("{8BC9CEB8-8B4A-11D0-8D11-00A0C91BC942}") = "WeakPtr", "WeakPtr\WeakPtr.vcxproj", "{63CEE571-C7D8-445D-ADE4-A160562E6961}"
EndProject
Project("{8BC9CEB8-8B4A-11D0-8D11-00A0C91BC942}") = "ClassHierarchy", "ClassHierarchy\ClassHierarchy.vcxproj", "{C78542F9-1400-4A6E-9B68-D2195B6CFE7E}"
EndProject
Project("{8BC9CEB8-8B4A-11D0-8D11-00A0C91BC942}") = "ArrayOverload", "ArrayOverload\ArrayOverload.vcxproj", "{367D84CA-D706-4D3B-935C-A2DAE929ACDB}"
EndProject
Project("{8BC9CEB8-8B4A-11D0-8D11-00A0C91BC942}") = "Future", "Future\Future.vcxproj", "{B5B62C2B-C529-4936-B320-982E38AAD4B8}"
EndProject
Project("{8BC9CEB8-8B4A-11D0-8D11-00A0C91BC942}") = "ThreadExample", "ThreadExample\ThreadExample.vcxproj", "{641FF455-4C77-44B1-955E-5ADF8E29162D}"
EndProject
Project("{8BC9CEB8-8B4A-11D0-8D11-00A0C91BC942}") = "MutexExample", "MutexExample\MutexExample.vcxproj", "{8A8DDE98-0A07-49C1-AEB7-25BB006CE585}"
EndProject
Project("{8BC9CEB8-8B4A-11D0-8D11-00A0C91BC942}") = "NoJoinThread", "NoJoinThread\NoJoinThread.vcxproj", "{86CA512C-FEB8-4F23-AA3E-917E796FC556}"
EndProject
Project("{8BC9CEB8-8B4A-11D0-8D11-00A0C91BC942}") = "JthreadExample", "JthreadExample\JthreadExample.vcxproj", "{EAFEDF81-8CCA-4AE2-85EB-EBF6AAF1299D}"
EndProject
Project("{8BC9CEB8-8B4A-11D0-8D11-00A0C91BC942}") = "AtomicVariables", "AtomicVariables\AtomicVariables.vcxproj", "{88D57DFF-4982-490E-BD4D-DCF287832EAB}"
EndProject
Project("{8BC9CEB8-8B4A-11D0-8D11-00A0C91BC942}") = "TextfFig17-1", "TextfFig17-1\TextfFig17-1.vcxproj", "{5089A7C9-9C9D-4027-A7D5-D983B8261A24}"
EndProject
Project("{8BC9CEB8-8B4A-11D0-8D11-00A0C91BC942}") = "TextFig17-11", "TextFig17-11\TextFig17-11.vcxproj", "{6E0CADCD-0317-408B-90AB-5B677D88A60C}"
EndProject
Project("{8BC9CEB8-8B4A-11D0-8D11-00A0C91BC942}") = "VectorExample", "VectorExample\VectorExample.vcxproj", "{BF7A7849-907D-49FA-8352-3E2D4F7E1901}"
EndProject
Project("{8BC9CEB8-8B4A-11D0-8D11-00A0C91BC942}") = "ListExample", "ListExample\ListExample.vcxproj", "{6C298538-42D6-4E04-BD8E-CDBD1FC0D4E5}"
EndProject
Project("{8BC9CEB8-8B4A-11D0-8D11-00A0C91BC942}") = "BadIterator", "BadIterator\BadIterator.vcxproj", "{9BA1204F-EED1-4629-A88C-3841188EF2E7}"
EndProject
Global
	GlobalSection(SolutionConfigurationPlatforms) = preSolution
		Debug|Any CPU = Debug|Any CPU
		Debug|x64 = Debug|x64
		Debug|x86 = Debug|x86
		Release|Any CPU = Release|Any CPU
		Release|x64 = Release|x64
		Release|x86 = Release|x86
	EndGlobalSection
	GlobalSection(ProjectConfigurationPlatforms) = postSolution
		{BB363294-790F-40AF-8E3A-E39E67A512B3}.Debug|Any CPU.ActiveCfg = Debug|x64
		{BB363294-790F-40AF-8E3A-E39E67A512B3}.Debug|Any CPU.Build.0 = Debug|x64
		{BB363294-790F-40AF-8E3A-E39E67A512B3}.Debug|x64.ActiveCfg = Debug|x64
		{BB363294-790F-40AF-8E3A-E39E67A512B3}.Debug|x64.Build.0 = Debug|x64
		{BB363294-790F-40AF-8E3A-E39E67A512B3}.Debug|x86.ActiveCfg = Debug|Win32
		{BB363294-790F-40AF-8E3A-E39E67A512B3}.Debug|x86.Build.0 = Debug|Win32
		{BB363294-790F-40AF-8E3A-E39E67A512B3}.Release|Any CPU.ActiveCfg = Release|x64
		{BB363294-790F-40AF-8E3A-E39E67A512B3}.Release|Any CPU.Build.0 = Release|x64
		{BB363294-790F-40AF-8E3A-E39E67A512B3}.Release|x64.ActiveCfg = Release|x64
		{BB363294-790F-40AF-8E3A-E39E67A512B3}.Release|x64.Build.0 = Release|x64
		{BB363294-790F-40AF-8E3A-E39E67A512B3}.Release|x86.ActiveCfg = Release|Win32
		{BB363294-790F-40AF-8E3A-E39E67A512B3}.Release|x86.Build.0 = Release|Win32
		{3F47110F-6857-404A-B3FB-A334D87620BE}.Debug|Any CPU.ActiveCfg = Debug|x64
		{3F47110F-6857-404A-B3FB-A334D87620BE}.Debug|Any CPU.Build.0 = Debug|x64
		{3F47110F-6857-404A-B3FB-A334D87620BE}.Debug|x64.ActiveCfg = Debug|x64
		{3F47110F-6857-404A-B3FB-A334D87620BE}.Debug|x64.Build.0 = Debug|x64
		{3F47110F-6857-404A-B3FB-A334D87620BE}.Debug|x86.ActiveCfg = Debug|Win32
		{3F47110F-6857-404A-B3FB-A334D87620BE}.Debug|x86.Build.0 = Debug|Win32
		{3F47110F-6857-404A-B3FB-A334D87620BE}.Release|Any CPU.ActiveCfg = Release|x64
		{3F47110F-6857-404A-B3FB-A334D87620BE}.Release|Any CPU.Build.0 = Release|x64
		{3F47110F-6857-404A-B3FB-A334D87620BE}.Release|x64.ActiveCfg = Release|x64
		{3F47110F-6857-404A-B3FB-A334D87620BE}.Release|x64.Build.0 = Release|x64
		{3F47110F-6857-404A-B3FB-A334D87620BE}.Release|x86.ActiveCfg = Release|Win32
		{3F47110F-6857-404A-B3FB-A334D87620BE}.Release|x86.Build.0 = Release|Win32
		{D432449B-D67B-455E-80BA-718FD753150E}.Debug|Any CPU.ActiveCfg = Debug|x64
		{D432449B-D67B-455E-80BA-718FD753150E}.Debug|Any CPU.Build.0 = Debug|x64
		{D432449B-D67B-455E-80BA-718FD753150E}.Debug|x64.ActiveCfg = Debug|x64
		{D432449B-D67B-455E-80BA-718FD753150E}.Debug|x64.Build.0 = Debug|x64
		{D432449B-D67B-455E-80BA-718FD753150E}.Debug|x86.ActiveCfg = Debug|Win32
		{D432449B-D67B-455E-80BA-718FD753150E}.Debug|x86.Build.0 = Debug|Win32
		{D432449B-D67B-455E-80BA-718FD753150E}.Release|Any CPU.ActiveCfg = Release|x64
		{D432449B-D67B-455E-80BA-718FD753150E}.Release|Any CPU.Build.0 = Release|x64
		{D432449B-D67B-455E-80BA-718FD753150E}.Release|x64.ActiveCfg = Release|x64
		{D432449B-D67B-455E-80BA-718FD753150E}.Release|x64.Build.0 = Release|x64
		{D432449B-D67B-455E-80BA-718FD753150E}.Release|x86.ActiveCfg = Release|Win32
		{D432449B-D67B-455E-80BA-718FD753150E}.Release|x86.Build.0 = Release|Win32
		{4D28C786-C385-463D-8B5D-318A0E3BDFBE}.Debug|Any CPU.ActiveCfg = Debug|x64
		{4D28C786-C385-463D-8B5D-318A0E3BDFBE}.Debug|Any CPU.Build.0 = Debug|x64
		{4D28C786-C385-463D-8B5D-318A0E3BDFBE}.Debug|x64.ActiveCfg = Debug|x64
		{4D28C786-C385-463D-8B5D-318A0E3BDFBE}.Debug|x64.Build.0 = Debug|x64
		{4D28C786-C385-463D-8B5D-318A0E3BDFBE}.Debug|x86.ActiveCfg = Debug|Win32
		{4D28C786-C385-463D-8B5D-318A0E3BDFBE}.Debug|x86.Build.0 = Debug|Win32
		{4D28C786-C385-463D-8B5D-318A0E3BDFBE}.Release|Any CPU.ActiveCfg = Release|x64
		{4D28C786-C385-463D-8B5D-318A0E3BDFBE}.Release|Any CPU.Build.0 = Release|x64
		{4D28C786-C385-463D-8B5D-318A0E3BDFBE}.Release|x64.ActiveCfg = Release|x64
		{4D28C786-C385-463D-8B5D-318A0E3BDFBE}.Release|x64.Build.0 = Release|x64
		{4D28C786-C385-463D-8B5D-318A0E3BDFBE}.Release|x86.ActiveCfg = Release|Win32
		{4D28C786-C385-463D-8B5D-318A0E3BDFBE}.Release|x86.Build.0 = Release|Win32
		{95E8EABA-B150-4C3A-B495-D3793ED7862C}.Debug|Any CPU.ActiveCfg = Debug|x64
		{95E8EABA-B150-4C3A-B495-D3793ED7862C}.Debug|Any CPU.Build.0 = Debug|x64
		{95E8EABA-B150-4C3A-B495-D3793ED7862C}.Debug|x64.ActiveCfg = Debug|x64
		{95E8EABA-B150-4C3A-B495-D3793ED7862C}.Debug|x64.Build.0 = Debug|x64
		{95E8EABA-B150-4C3A-B495-D3793ED7862C}.Debug|x86.ActiveCfg = Debug|Win32
		{95E8EABA-B150-4C3A-B495-D3793ED7862C}.Debug|x86.Build.0 = Debug|Win32
		{95E8EABA-B150-4C3A-B495-D3793ED7862C}.Release|Any CPU.ActiveCfg = Release|x64
		{95E8EABA-B150-4C3A-B495-D3793ED7862C}.Release|Any CPU.Build.0 = Release|x64
		{95E8EABA-B150-4C3A-B495-D3793ED7862C}.Release|x64.ActiveCfg = Release|x64
		{95E8EABA-B150-4C3A-B495-D3793ED7862C}.Release|x64.Build.0 = Release|x64
		{95E8EABA-B150-4C3A-B495-D3793ED7862C}.Release|x86.ActiveCfg = Release|Win32
		{95E8EABA-B150-4C3A-B495-D3793ED7862C}.Release|x86.Build.0 = Release|Win32
		{8943104C-6DC1-4E46-8249-7252BFB5B7BC}.Debug|Any CPU.ActiveCfg = Debug|x64
		{8943104C-6DC1-4E46-8249-7252BFB5B7BC}.Debug|Any CPU.Build.0 = Debug|x64
		{8943104C-6DC1-4E46-8249-7252BFB5B7BC}.Debug|x64.ActiveCfg = Debug|x64
		{8943104C-6DC1-4E46-8249-7252BFB5B7BC}.Debug|x64.Build.0 = Debug|x64
		{8943104C-6DC1-4E46-8249-7252BFB5B7BC}.Debug|x86.ActiveCfg = Debug|Win32
		{8943104C-6DC1-4E46-8249-7252BFB5B7BC}.Debug|x86.Build.0 = Debug|Win32
		{8943104C-6DC1-4E46-8249-7252BFB5B7BC}.Release|Any CPU.ActiveCfg = Release|x64
		{8943104C-6DC1-4E46-8249-7252BFB5B7BC}.Release|Any CPU.Build.0 = Release|x64
		{8943104C-6DC1-4E46-8249-7252BFB5B7BC}.Release|x64.ActiveCfg = Release|x64
		{8943104C-6DC1-4E46-8249-7252BFB5B7BC}.Release|x64.Build.0 = Release|x64
		{8943104C-6DC1-4E46-8249-7252BFB5B7BC}.Release|x86.ActiveCfg = Release|Win32
		{8943104C-6DC1-4E46-8249-7252BFB5B7BC}.Release|x86.Build.0 = Release|Win32
		{BA51BEAD-EE32-4DC4-89F2-427DA4FCAFB5}.Debug|Any CPU.ActiveCfg = Debug|x64
		{BA51BEAD-EE32-4DC4-89F2-427DA4FCAFB5}.Debug|Any CPU.Build.0 = Debug|x64
		{BA51BEAD-EE32-4DC4-89F2-427DA4FCAFB5}.Debug|x64.ActiveCfg = Debug|x64
		{BA51BEAD-EE32-4DC4-89F2-427DA4FCAFB5}.Debug|x64.Build.0 = Debug|x64
		{BA51BEAD-EE32-4DC4-89F2-427DA4FCAFB5}.Debug|x86.ActiveCfg = Debug|Win32
		{BA51BEAD-EE32-4DC4-89F2-427DA4FCAFB5}.Debug|x86.Build.0 = Debug|Win32
		{BA51BEAD-EE32-4DC4-89F2-427DA4FCAFB5}.Release|Any CPU.ActiveCfg = Release|x64
		{BA51BEAD-EE32-4DC4-89F2-427DA4FCAFB5}.Release|Any CPU.Build.0 = Release|x64
		{BA51BEAD-EE32-4DC4-89F2-427DA4FCAFB5}.Release|x64.ActiveCfg = Release|x64
		{BA51BEAD-EE32-4DC4-89F2-427DA4FCAFB5}.Release|x64.Build.0 = Release|x64
		{BA51BEAD-EE32-4DC4-89F2-427DA4FCAFB5}.Release|x86.ActiveCfg = Release|Win32
		{BA51BEAD-EE32-4DC4-89F2-427DA4FCAFB5}.Release|x86.Build.0 = Release|Win32
		{EE3C2FEE-E18A-4B52-A08B-E99EC382C2E1}.Debug|Any CPU.ActiveCfg = Debug|x64
		{EE3C2FEE-E18A-4B52-A08B-E99EC382C2E1}.Debug|Any CPU.Build.0 = Debug|x64
		{EE3C2FEE-E18A-4B52-A08B-E99EC382C2E1}.Debug|x64.ActiveCfg = Debug|x64
		{EE3C2FEE-E18A-4B52-A08B-E99EC382C2E1}.Debug|x64.Build.0 = Debug|x64
		{EE3C2FEE-E18A-4B52-A08B-E99EC382C2E1}.Debug|x86.ActiveCfg = Debug|Win32
		{EE3C2FEE-E18A-4B52-A08B-E99EC382C2E1}.Debug|x86.Build.0 = Debug|Win32
		{EE3C2FEE-E18A-4B52-A08B-E99EC382C2E1}.Release|Any CPU.ActiveCfg = Release|x64
		{EE3C2FEE-E18A-4B52-A08B-E99EC382C2E1}.Release|Any CPU.Build.0 = Release|x64
		{EE3C2FEE-E18A-4B52-A08B-E99EC382C2E1}.Release|x64.ActiveCfg = Release|x64
		{EE3C2FEE-E18A-4B52-A08B-E99EC382C2E1}.Release|x64.Build.0 = Release|x64
		{EE3C2FEE-E18A-4B52-A08B-E99EC382C2E1}.Release|x86.ActiveCfg = Release|Win32
		{EE3C2FEE-E18A-4B52-A08B-E99EC382C2E1}.Release|x86.Build.0 = Release|Win32
		{6D599282-6706-4E9F-93DB-7A76CBED7C03}.Debug|Any CPU.ActiveCfg = Debug|x64
		{6D599282-6706-4E9F-93DB-7A76CBED7C03}.Debug|Any CPU.Build.0 = Debug|x64
		{6D599282-6706-4E9F-93DB-7A76CBED7C03}.Debug|x64.ActiveCfg = Debug|x64
		{6D599282-6706-4E9F-93DB-7A76CBED7C03}.Debug|x64.Build.0 = Debug|x64
		{6D599282-6706-4E9F-93DB-7A76CBED7C03}.Debug|x86.ActiveCfg = Debug|Win32
		{6D599282-6706-4E9F-93DB-7A76CBED7C03}.Debug|x86.Build.0 = Debug|Win32
		{6D599282-6706-4E9F-93DB-7A76CBED7C03}.Release|Any CPU.ActiveCfg = Release|x64
		{6D599282-6706-4E9F-93DB-7A76CBED7C03}.Release|Any CPU.Build.0 = Release|x64
		{6D599282-6706-4E9F-93DB-7A76CBED7C03}.Release|x64.ActiveCfg = Release|x64
		{6D599282-6706-4E9F-93DB-7A76CBED7C03}.Release|x64.Build.0 = Release|x64
		{6D599282-6706-4E9F-93DB-7A76CBED7C03}.Release|x86.ActiveCfg = Release|Win32
		{6D599282-6706-4E9F-93DB-7A76CBED7C03}.Release|x86.Build.0 = Release|Win32
		{B57F05A1-6733-425C-A404-F614D8E15532}.Debug|Any CPU.ActiveCfg = Debug|x64
		{B57F05A1-6733-425C-A404-F614D8E15532}.Debug|Any CPU.Build.0 = Debug|x64
		{B57F05A1-6733-425C-A404-F614D8E15532}.Debug|x64.ActiveCfg = Debug|x64
		{B57F05A1-6733-425C-A404-F614D8E15532}.Debug|x64.Build.0 = Debug|x64
		{B57F05A1-6733-425C-A404-F614D8E15532}.Debug|x86.ActiveCfg = Debug|Win32
		{B57F05A1-6733-425C-A404-F614D8E15532}.Debug|x86.Build.0 = Debug|Win32
		{B57F05A1-6733-425C-A404-F614D8E15532}.Release|Any CPU.ActiveCfg = Release|x64
		{B57F05A1-6733-425C-A404-F614D8E15532}.Release|Any CPU.Build.0 = Release|x64
		{B57F05A1-6733-425C-A404-F614D8E15532}.Release|x64.ActiveCfg = Release|x64
		{B57F05A1-6733-425C-A404-F614D8E15532}.Release|x64.Build.0 = Release|x64
		{B57F05A1-6733-425C-A404-F614D8E15532}.Release|x86.ActiveCfg = Release|Win32
		{B57F05A1-6733-425C-A404-F614D8E15532}.Release|x86.Build.0 = Release|Win32
		{58B4A131-5CA5-44BD-B845-DB2BDC79D48F}.Debug|Any CPU.ActiveCfg = Debug|x64
		{58B4A131-5CA5-44BD-B845-DB2BDC79D48F}.Debug|Any CPU.Build.0 = Debug|x64
		{58B4A131-5CA5-44BD-B845-DB2BDC79D48F}.Debug|x64.ActiveCfg = Debug|x64
		{58B4A131-5CA5-44BD-B845-DB2BDC79D48F}.Debug|x64.Build.0 = Debug|x64
		{58B4A131-5CA5-44BD-B845-DB2BDC79D48F}.Debug|x86.ActiveCfg = Debug|Win32
		{58B4A131-5CA5-44BD-B845-DB2BDC79D48F}.Debug|x86.Build.0 = Debug|Win32
		{58B4A131-5CA5-44BD-B845-DB2BDC79D48F}.Release|Any CPU.ActiveCfg = Release|x64
		{58B4A131-5CA5-44BD-B845-DB2BDC79D48F}.Release|Any CPU.Build.0 = Release|x64
		{58B4A131-5CA5-44BD-B845-DB2BDC79D48F}.Release|x64.ActiveCfg = Release|x64
		{58B4A131-5CA5-44BD-B845-DB2BDC79D48F}.Release|x64.Build.0 = Release|x64
		{58B4A131-5CA5-44BD-B845-DB2BDC79D48F}.Release|x86.ActiveCfg = Release|Win32
		{58B4A131-5CA5-44BD-B845-DB2BDC79D48F}.Release|x86.Build.0 = Release|Win32
		{3866001E-B8A1-4653-B3B3-5E086F1EB197}.Debug|Any CPU.ActiveCfg = Debug|x64
		{3866001E-B8A1-4653-B3B3-5E086F1EB197}.Debug|Any CPU.Build.0 = Debug|x64
		{3866001E-B8A1-4653-B3B3-5E086F1EB197}.Debug|x64.ActiveCfg = Debug|x64
		{3866001E-B8A1-4653-B3B3-5E086F1EB197}.Debug|x64.Build.0 = Debug|x64
		{3866001E-B8A1-4653-B3B3-5E086F1EB197}.Debug|x86.ActiveCfg = Debug|Win32
		{3866001E-B8A1-4653-B3B3-5E086F1EB197}.Debug|x86.Build.0 = Debug|Win32
		{3866001E-B8A1-4653-B3B3-5E086F1EB197}.Release|Any CPU.ActiveCfg = Release|x64
		{3866001E-B8A1-4653-B3B3-5E086F1EB197}.Release|Any CPU.Build.0 = Release|x64
		{3866001E-B8A1-4653-B3B3-5E086F1EB197}.Release|x64.ActiveCfg = Release|x64
		{3866001E-B8A1-4653-B3B3-5E086F1EB197}.Release|x64.Build.0 = Release|x64
		{3866001E-B8A1-4653-B3B3-5E086F1EB197}.Release|x86.ActiveCfg = Release|Win32
		{3866001E-B8A1-4653-B3B3-5E086F1EB197}.Release|x86.Build.0 = Release|Win32
		{63CEE571-C7D8-445D-ADE4-A160562E6961}.Debug|Any CPU.ActiveCfg = Debug|x64
		{63CEE571-C7D8-445D-ADE4-A160562E6961}.Debug|Any CPU.Build.0 = Debug|x64
		{63CEE571-C7D8-445D-ADE4-A160562E6961}.Debug|x64.ActiveCfg = Debug|x64
		{63CEE571-C7D8-445D-ADE4-A160562E6961}.Debug|x64.Build.0 = Debug|x64
		{63CEE571-C7D8-445D-ADE4-A160562E6961}.Debug|x86.ActiveCfg = Debug|Win32
		{63CEE571-C7D8-445D-ADE4-A160562E6961}.Debug|x86.Build.0 = Debug|Win32
		{63CEE571-C7D8-445D-ADE4-A160562E6961}.Release|Any CPU.ActiveCfg = Release|x64
		{63CEE571-C7D8-445D-ADE4-A160562E6961}.Release|Any CPU.Build.0 = Release|x64
		{63CEE571-C7D8-445D-ADE4-A160562E6961}.Release|x64.ActiveCfg = Release|x64
		{63CEE571-C7D8-445D-ADE4-A160562E6961}.Release|x64.Build.0 = Release|x64
		{63CEE571-C7D8-445D-ADE4-A160562E6961}.Release|x86.ActiveCfg = Release|Win32
		{63CEE571-C7D8-445D-ADE4-A160562E6961}.Release|x86.Build.0 = Release|Win32
		{C78542F9-1400-4A6E-9B68-D2195B6CFE7E}.Debug|Any CPU.ActiveCfg = Debug|x64
		{C78542F9-1400-4A6E-9B68-D2195B6CFE7E}.Debug|Any CPU.Build.0 = Debug|x64
		{C78542F9-1400-4A6E-9B68-D2195B6CFE7E}.Debug|x64.ActiveCfg = Debug|x64
		{C78542F9-1400-4A6E-9B68-D2195B6CFE7E}.Debug|x64.Build.0 = Debug|x64
		{C78542F9-1400-4A6E-9B68-D2195B6CFE7E}.Debug|x86.ActiveCfg = Debug|Win32
		{C78542F9-1400-4A6E-9B68-D2195B6CFE7E}.Debug|x86.Build.0 = Debug|Win32
		{C78542F9-1400-4A6E-9B68-D2195B6CFE7E}.Release|Any CPU.ActiveCfg = Release|x64
		{C78542F9-1400-4A6E-9B68-D2195B6CFE7E}.Release|Any CPU.Build.0 = Release|x64
		{C78542F9-1400-4A6E-9B68-D2195B6CFE7E}.Release|x64.ActiveCfg = Release|x64
		{C78542F9-1400-4A6E-9B68-D2195B6CFE7E}.Release|x64.Build.0 = Release|x64
		{C78542F9-1400-4A6E-9B68-D2195B6CFE7E}.Release|x86.ActiveCfg = Release|Win32
		{C78542F9-1400-4A6E-9B68-D2195B6CFE7E}.Release|x86.Build.0 = Release|Win32
		{367D84CA-D706-4D3B-935C-A2DAE929ACDB}.Debug|Any CPU.ActiveCfg = Debug|x64
		{367D84CA-D706-4D3B-935C-A2DAE929ACDB}.Debug|Any CPU.Build.0 = Debug|x64
		{367D84CA-D706-4D3B-935C-A2DAE929ACDB}.Debug|x64.ActiveCfg = Debug|x64
		{367D84CA-D706-4D3B-935C-A2DAE929ACDB}.Debug|x64.Build.0 = Debug|x64
		{367D84CA-D706-4D3B-935C-A2DAE929ACDB}.Debug|x86.ActiveCfg = Debug|Win32
		{367D84CA-D706-4D3B-935C-A2DAE929ACDB}.Debug|x86.Build.0 = Debug|Win32
		{367D84CA-D706-4D3B-935C-A2DAE929ACDB}.Release|Any CPU.ActiveCfg = Release|x64
		{367D84CA-D706-4D3B-935C-A2DAE929ACDB}.Release|Any CPU.Build.0 = Release|x64
		{367D84CA-D706-4D3B-935C-A2DAE929ACDB}.Release|x64.ActiveCfg = Release|x64
		{367D84CA-D706-4D3B-935C-A2DAE929ACDB}.Release|x64.Build.0 = Release|x64
		{367D84CA-D706-4D3B-935C-A2DAE929ACDB}.Release|x86.ActiveCfg = Release|Win32
		{367D84CA-D706-4D3B-935C-A2DAE929ACDB}.Release|x86.Build.0 = Release|Win32
		{B5B62C2B-C529-4936-B320-982E38AAD4B8}.Debug|Any CPU.ActiveCfg = Debug|x64
		{B5B62C2B-C529-4936-B320-982E38AAD4B8}.Debug|Any CPU.Build.0 = Debug|x64
		{B5B62C2B-C529-4936-B320-982E38AAD4B8}.Debug|x64.ActiveCfg = Debug|x64
		{B5B62C2B-C529-4936-B320-982E38AAD4B8}.Debug|x64.Build.0 = Debug|x64
		{B5B62C2B-C529-4936-B320-982E38AAD4B8}.Debug|x86.ActiveCfg = Debug|Win32
		{B5B62C2B-C529-4936-B320-982E38AAD4B8}.Debug|x86.Build.0 = Debug|Win32
		{B5B62C2B-C529-4936-B320-982E38AAD4B8}.Release|Any CPU.ActiveCfg = Release|x64
		{B5B62C2B-C529-4936-B320-982E38AAD4B8}.Release|Any CPU.Build.0 = Release|x64
		{B5B62C2B-C529-4936-B320-982E38AAD4B8}.Release|x64.ActiveCfg = Release|x64
		{B5B62C2B-C529-4936-B320-982E38AAD4B8}.Release|x64.Build.0 = Release|x64
		{B5B62C2B-C529-4936-B320-982E38AAD4B8}.Release|x86.ActiveCfg = Release|Win32
		{B5B62C2B-C529-4936-B320-982E38AAD4B8}.Release|x86.Build.0 = Release|Win32
		{641FF455-4C77-44B1-955E-5ADF8E29162D}.Debug|Any CPU.ActiveCfg = Debug|x64
		{641FF455-4C77-44B1-955E-5ADF8E29162D}.Debug|Any CPU.Build.0 = Debug|x64
		{641FF455-4C77-44B1-955E-5ADF8E29162D}.Debug|x64.ActiveCfg = Debug|x64
		{641FF455-4C77-44B1-955E-5ADF8E29162D}.Debug|x64.Build.0 = Debug|x64
		{641FF455-4C77-44B1-955E-5ADF8E29162D}.Debug|x86.ActiveCfg = Debug|Win32
		{641FF455-4C77-44B1-955E-5ADF8E29162D}.Debug|x86.Build.0 = Debug|Win32
		{641FF455-4C77-44B1-955E-5ADF8E29162D}.Release|Any CPU.ActiveCfg = Release|x64
		{641FF455-4C77-44B1-955E-5ADF8E29162D}.Release|Any CPU.Build.0 = Release|x64
		{641FF455-4C77-44B1-955E-5ADF8E29162D}.Release|x64.ActiveCfg = Release|x64
		{641FF455-4C77-44B1-955E-5ADF8E29162D}.Release|x64.Build.0 = Release|x64
		{641FF455-4C77-44B1-955E-5ADF8E29162D}.Release|x86.ActiveCfg = Release|Win32
		{641FF455-4C77-44B1-955E-5ADF8E29162D}.Release|x86.Build.0 = Release|Win32
		{8A8DDE98-0A07-49C1-AEB7-25BB006CE585}.Debug|Any CPU.ActiveCfg = Debug|x64
		{8A8DDE98-0A07-49C1-AEB7-25BB006CE585}.Debug|Any CPU.Build.0 = Debug|x64
		{8A8DDE98-0A07-49C1-AEB7-25BB006CE585}.Debug|x64.ActiveCfg = Debug|x64
		{8A8DDE98-0A07-49C1-AEB7-25BB006CE585}.Debug|x64.Build.0 = Debug|x64
		{8A8DDE98-0A07-49C1-AEB7-25BB006CE585}.Debug|x86.ActiveCfg = Debug|Win32
		{8A8DDE98-0A07-49C1-AEB7-25BB006CE585}.Debug|x86.Build.0 = Debug|Win32
		{8A8DDE98-0A07-49C1-AEB7-25BB006CE585}.Release|Any CPU.ActiveCfg = Release|x64
		{8A8DDE98-0A07-49C1-AEB7-25BB006CE585}.Release|Any CPU.Build.0 = Release|x64
		{8A8DDE98-0A07-49C1-AEB7-25BB006CE585}.Release|x64.ActiveCfg = Release|x64
		{8A8DDE98-0A07-49C1-AEB7-25BB006CE585}.Release|x64.Build.0 = Release|x64
		{8A8DDE98-0A07-49C1-AEB7-25BB006CE585}.Release|x86.ActiveCfg = Release|Win32
		{8A8DDE98-0A07-49C1-AEB7-25BB006CE585}.Release|x86.Build.0 = Release|Win32
		{86CA512C-FEB8-4F23-AA3E-917E796FC556}.Debug|Any CPU.ActiveCfg = Debug|x64
		{86CA512C-FEB8-4F23-AA3E-917E796FC556}.Debug|Any CPU.Build.0 = Debug|x64
		{86CA512C-FEB8-4F23-AA3E-917E796FC556}.Debug|x64.ActiveCfg = Debug|x64
		{86CA512C-FEB8-4F23-AA3E-917E796FC556}.Debug|x64.Build.0 = Debug|x64
		{86CA512C-FEB8-4F23-AA3E-917E796FC556}.Debug|x86.ActiveCfg = Debug|Win32
		{86CA512C-FEB8-4F23-AA3E-917E796FC556}.Debug|x86.Build.0 = Debug|Win32
		{86CA512C-FEB8-4F23-AA3E-917E796FC556}.Release|Any CPU.ActiveCfg = Release|x64
		{86CA512C-FEB8-4F23-AA3E-917E796FC556}.Release|Any CPU.Build.0 = Release|x64
		{86CA512C-FEB8-4F23-AA3E-917E796FC556}.Release|x64.ActiveCfg = Release|x64
		{86CA512C-FEB8-4F23-AA3E-917E796FC556}.Release|x64.Build.0 = Release|x64
		{86CA512C-FEB8-4F23-AA3E-917E796FC556}.Release|x86.ActiveCfg = Release|Win32
		{86CA512C-FEB8-4F23-AA3E-917E796FC556}.Release|x86.Build.0 = Release|Win32
		{EAFEDF81-8CCA-4AE2-85EB-EBF6AAF1299D}.Debug|Any CPU.ActiveCfg = Debug|x64
		{EAFEDF81-8CCA-4AE2-85EB-EBF6AAF1299D}.Debug|Any CPU.Build.0 = Debug|x64
		{EAFEDF81-8CCA-4AE2-85EB-EBF6AAF1299D}.Debug|x64.ActiveCfg = Debug|x64
		{EAFEDF81-8CCA-4AE2-85EB-EBF6AAF1299D}.Debug|x64.Build.0 = Debug|x64
		{EAFEDF81-8CCA-4AE2-85EB-EBF6AAF1299D}.Debug|x86.ActiveCfg = Debug|Win32
		{EAFEDF81-8CCA-4AE2-85EB-EBF6AAF1299D}.Debug|x86.Build.0 = Debug|Win32
		{EAFEDF81-8CCA-4AE2-85EB-EBF6AAF1299D}.Release|Any CPU.ActiveCfg = Release|x64
		{EAFEDF81-8CCA-4AE2-85EB-EBF6AAF1299D}.Release|Any CPU.Build.0 = Release|x64
		{EAFEDF81-8CCA-4AE2-85EB-EBF6AAF1299D}.Release|x64.ActiveCfg = Release|x64
		{EAFEDF81-8CCA-4AE2-85EB-EBF6AAF1299D}.Release|x64.Build.0 = Release|x64
		{EAFEDF81-8CCA-4AE2-85EB-EBF6AAF1299D}.Release|x86.ActiveCfg = Release|Win32
		{EAFEDF81-8CCA-4AE2-85EB-EBF6AAF1299D}.Release|x86.Build.0 = Release|Win32
		{88D57DFF-4982-490E-BD4D-DCF287832EAB}.Debug|Any CPU.ActiveCfg = Debug|x64
		{88D57DFF-4982-490E-BD4D-DCF287832EAB}.Debug|Any CPU.Build.0 = Debug|x64
		{88D57DFF-4982-490E-BD4D-DCF287832EAB}.Debug|x64.ActiveCfg = Debug|x64
		{88D57DFF-4982-490E-BD4D-DCF287832EAB}.Debug|x64.Build.0 = Debug|x64
		{88D57DFF-4982-490E-BD4D-DCF287832EAB}.Debug|x86.ActiveCfg = Debug|Win32
		{88D57DFF-4982-490E-BD4D-DCF287832EAB}.Debug|x86.Build.0 = Debug|Win32
		{88D57DFF-4982-490E-BD4D-DCF287832EAB}.Release|Any CPU.ActiveCfg = Release|x64
		{88D57DFF-4982-490E-BD4D-DCF287832EAB}.Release|Any CPU.Build.0 = Release|x64
		{88D57DFF-4982-490E-BD4D-DCF287832EAB}.Release|x64.ActiveCfg = Release|x64
		{88D57DFF-4982-490E-BD4D-DCF287832EAB}.Release|x64.Build.0 = Release|x64
		{88D57DFF-4982-490E-BD4D-DCF287832EAB}.Release|x86.ActiveCfg = Release|Win32
		{88D57DFF-4982-490E-BD4D-DCF287832EAB}.Release|x86.Build.0 = Release|Win32
		{5089A7C9-9C9D-4027-A7D5-D983B8261A24}.Debug|Any CPU.ActiveCfg = Debug|x64
		{5089A7C9-9C9D-4027-A7D5-D983B8261A24}.Debug|Any CPU.Build.0 = Debug|x64
		{5089A7C9-9C9D-4027-A7D5-D983B8261A24}.Debug|x64.ActiveCfg = Debug|x64
		{5089A7C9-9C9D-4027-A7D5-D983B8261A24}.Debug|x64.Build.0 = Debug|x64
		{5089A7C9-9C9D-4027-A7D5-D983B8261A24}.Debug|x86.ActiveCfg = Debug|Win32
		{5089A7C9-9C9D-4027-A7D5-D983B8261A24}.Debug|x86.Build.0 = Debug|Win32
		{5089A7C9-9C9D-4027-A7D5-D983B8261A24}.Release|Any CPU.ActiveCfg = Release|x64
		{5089A7C9-9C9D-4027-A7D5-D983B8261A24}.Release|Any CPU.Build.0 = Release|x64
		{5089A7C9-9C9D-4027-A7D5-D983B8261A24}.Release|x64.ActiveCfg = Release|x64
		{5089A7C9-9C9D-4027-A7D5-D983B8261A24}.Release|x64.Build.0 = Release|x64
		{5089A7C9-9C9D-4027-A7D5-D983B8261A24}.Release|x86.ActiveCfg = Release|Win32
		{5089A7C9-9C9D-4027-A7D5-D983B8261A24}.Release|x86.Build.0 = Release|Win32
		{6E0CADCD-0317-408B-90AB-5B677D88A60C}.Debug|Any CPU.ActiveCfg = Debug|x64
		{6E0CADCD-0317-408B-90AB-5B677D88A60C}.Debug|Any CPU.Build.0 = Debug|x64
		{6E0CADCD-0317-408B-90AB-5B677D88A60C}.Debug|x64.ActiveCfg = Debug|x64
		{6E0CADCD-0317-408B-90AB-5B677D88A60C}.Debug|x64.Build.0 = Debug|x64
		{6E0CADCD-0317-408B-90AB-5B677D88A60C}.Debug|x86.ActiveCfg = Debug|Win32
		{6E0CADCD-0317-408B-90AB-5B677D88A60C}.Debug|x86.Build.0 = Debug|Win32
		{6E0CADCD-0317-408B-90AB-5B677D88A60C}.Release|Any CPU.ActiveCfg = Release|x64
		{6E0CADCD-0317-408B-90AB-5B677D88A60C}.Release|Any CPU.Build.0 = Release|x64
		{6E0CADCD-0317-408B-90AB-5B677D88A60C}.Release|x64.ActiveCfg = Release|x64
		{6E0CADCD-0317-408B-90AB-5B677D88A60C}.Release|x64.Build.0 = Release|x64
		{6E0CADCD-0317-408B-90AB-5B677D88A60C}.Release|x86.ActiveCfg = Release|Win32
		{6E0CADCD-0317-408B-90AB-5B677D88A60C}.Release|x86.Build.0 = Release|Win32
		{BF7A7849-907D-49FA-8352-3E2D4F7E1901}.Debug|Any CPU.ActiveCfg = Debug|x64
		{BF7A7849-907D-49FA-8352-3E2D4F7E1901}.Debug|Any CPU.Build.0 = Debug|x64
		{BF7A7849-907D-49FA-8352-3E2D4F7E1901}.Debug|x64.ActiveCfg = Debug|x64
		{BF7A7849-907D-49FA-8352-3E2D4F7E1901}.Debug|x64.Build.0 = Debug|x64
		{BF7A7849-907D-49FA-8352-3E2D4F7E1901}.Debug|x86.ActiveCfg = Debug|Win32
		{BF7A7849-907D-49FA-8352-3E2D4F7E1901}.Debug|x86.Build.0 = Debug|Win32
		{BF7A7849-907D-49FA-8352-3E2D4F7E1901}.Release|Any CPU.ActiveCfg = Release|x64
		{BF7A7849-907D-49FA-8352-3E2D4F7E1901}.Release|Any CPU.Build.0 = Release|x64
		{BF7A7849-907D-49FA-8352-3E2D4F7E1901}.Release|x64.ActiveCfg = Release|x64
		{BF7A7849-907D-49FA-8352-3E2D4F7E1901}.Release|x64.Build.0 = Release|x64
		{BF7A7849-907D-49FA-8352-3E2D4F7E1901}.Release|x86.ActiveCfg = Release|Win32
		{BF7A7849-907D-49FA-8352-3E2D4F7E1901}.Release|x86.Build.0 = Release|Win32
		{6C298538-42D6-4E04-BD8E-CDBD1FC0D4E5}.Debug|Any CPU.ActiveCfg = Debug|x64
		{6C298538-42D6-4E04-BD8E-CDBD1FC0D4E5}.Debug|Any CPU.Build.0 = Debug|x64
		{6C298538-42D6-4E04-BD8E-CDBD1FC0D4E5}.Debug|x64.ActiveCfg = Debug|x64
		{6C298538-42D6-4E04-BD8E-CDBD1FC0D4E5}.Debug|x64.Build.0 = Debug|x64
		{6C298538-42D6-4E04-BD8E-CDBD1FC0D4E5}.Debug|x86.ActiveCfg = Debug|Win32
		{6C298538-42D6-4E04-BD8E-CDBD1FC0D4E5}.Debug|x86.Build.0 = Debug|Win32
		{6C298538-42D6-4E04-BD8E-CDBD1FC0D4E5}.Release|Any CPU.ActiveCfg = Release|x64
		{6C298538-42D6-4E04-BD8E-CDBD1FC0D4E5}.Release|Any CPU.Build.0 = Release|x64
		{6C298538-42D6-4E04-BD8E-CDBD1FC0D4E5}.Release|x64.ActiveCfg = Release|x64
		{6C298538-42D6-4E04-BD8E-CDBD1FC0D4E5}.Release|x64.Build.0 = Release|x64
		{6C298538-42D6-4E04-BD8E-CDBD1FC0D4E5}.Release|x86.ActiveCfg = Release|Win32
		{6C298538-42D6-4E04-BD8E-CDBD1FC0D4E5}.Release|x86.Build.0 = Release|Win32
		{9BA1204F-EED1-4629-A88C-3841188EF2E7}.Debug|Any CPU.ActiveCfg = Debug|x64
		{9BA1204F-EED1-4629-A88C-3841188EF2E7}.Debug|Any CPU.Build.0 = Debug|x64
		{9BA1204F-EED1-4629-A88C-3841188EF2E7}.Debug|x64.ActiveCfg = Debug|x64
		{9BA1204F-EED1-4629-A88C-3841188EF2E7}.Debug|x64.Build.0 = Debug|x64
		{9BA1204F-EED1-4629-A88C-3841188EF2E7}.Debug|x86.ActiveCfg = Debug|Win32
		{9BA1204F-EED1-4629-A88C-3841188EF2E7}.Debug|x86.Build.0 = Debug|Win32
		{9BA1204F-EED1-4629-A88C-3841188EF2E7}.Release|Any CPU.ActiveCfg = Release|x64
		{9BA1204F-EED1-4629-A88C-3841188EF2E7}.Release|Any CPU.Build.0 = Release|x64
		{9BA1204F-EED1-4629-A88C-3841188EF2E7}.Release|x64.ActiveCfg = Release|x64
		{9BA1204F-EED1-4629-A88C-3841188EF2E7}.Release|x64.Build.0 = Release|x64
		{9BA1204F-EED1-4629-A88C-3841188EF2E7}.Release|x86.ActiveCfg = Release|Win32
		{9BA1204F-EED1-4629-A88C-3841188EF2E7}.Release|x86.Build.0 = Release|Win32
	EndGlobalSection
	GlobalSection(SolutionProperties) = preSolution
		HideSolutionNode = FALSE
	EndGlobalSection
	GlobalSection(ExtensibilityGlobals) = postSolution
		SolutionGuid = {94A72F65-7192-483B-9773-80DEE0FF35BF}
	EndGlobalSection
EndGlobal
