
Microsoft Visual Studio Solution File, Format Version 12.00
# Visual Studio Version 16
VisualStudioVersion = 16.0.31112.23
MinimumVisualStudioVersion = 10.0.40219.1
Project("{8BC9CEB8-8B4A-11D0-8D11-00A0C91BC942}") = "ex8-13", "ex8-13\ex8-13.vcxproj", "{252C73CE-F906-48D2-B93D-AED22A47908C}"
EndProject
Project("{8BC9CEB8-8B4A-11D0-8D11-00A0C91BC942}") = "ex8-14", "ex8-14\ex8-14.vcxproj", "{D01CDC48-437B-4BBF-8617-CF7DD93206A0}"
EndProject
Project("{8BC9CEB8-8B4A-11D0-8D11-00A0C91BC942}") = "Simpletron", "Simpletron\Simpletron.vcxproj", "{5FA72C34-52A7-446D-9471-BAF4442CF1A1}"
EndProject
Global
	GlobalSection(SolutionConfigurationPlatforms) = preSolution
		Debug|x64 = Debug|x64
		Debug|x86 = Debug|x86
		Release|x64 = Release|x64
		Release|x86 = Release|x86
	EndGlobalSection
	GlobalSection(ProjectConfigurationPlatforms) = postSolution
		{252C73CE-F906-48D2-B93D-AED22A47908C}.Debug|x64.ActiveCfg = Debug|x64
		{252C73CE-F906-48D2-B93D-AED22A47908C}.Debug|x64.Build.0 = Debug|x64
		{252C73CE-F906-48D2-B93D-AED22A47908C}.Debug|x86.ActiveCfg = Debug|Win32
		{252C73CE-F906-48D2-B93D-AED22A47908C}.Debug|x86.Build.0 = Debug|Win32
		{252C73CE-F906-48D2-B93D-AED22A47908C}.Release|x64.ActiveCfg = Release|x64
		{252C73CE-F906-48D2-B93D-AED22A47908C}.Release|x64.Build.0 = Release|x64
		{252C73CE-F906-48D2-B93D-AED22A47908C}.Release|x86.ActiveCfg = Release|Win32
		{252C73CE-F906-48D2-B93D-AED22A47908C}.Release|x86.Build.0 = Release|Win32
		{D01CDC48-437B-4BBF-8617-CF7DD93206A0}.Debug|x64.ActiveCfg = Debug|x64
		{D01CDC48-437B-4BBF-8617-CF7DD93206A0}.Debug|x64.Build.0 = Debug|x64
		{D01CDC48-437B-4BBF-8617-CF7DD93206A0}.Debug|x86.ActiveCfg = Debug|Win32
		{D01CDC48-437B-4BBF-8617-CF7DD93206A0}.Debug|x86.Build.0 = Debug|Win32
		{D01CDC48-437B-4BBF-8617-CF7DD93206A0}.Release|x64.ActiveCfg = Release|x64
		{D01CDC48-437B-4BBF-8617-CF7DD93206A0}.Release|x64.Build.0 = Release|x64
		{D01CDC48-437B-4BBF-8617-CF7DD93206A0}.Release|x86.ActiveCfg = Release|Win32
		{D01CDC48-437B-4BBF-8617-CF7DD93206A0}.Release|x86.Build.0 = Release|Win32
		{5FA72C34-52A7-446D-9471-BAF4442CF1A1}.Debug|x64.ActiveCfg = Debug|x64
		{5FA72C34-52A7-446D-9471-BAF4442CF1A1}.Debug|x64.Build.0 = Debug|x64
		{5FA72C34-52A7-446D-9471-BAF4442CF1A1}.Debug|x86.ActiveCfg = Debug|Win32
		{5FA72C34-52A7-446D-9471-BAF4442CF1A1}.Debug|x86.Build.0 = Debug|Win32
		{5FA72C34-52A7-446D-9471-BAF4442CF1A1}.Release|x64.ActiveCfg = Release|x64
		{5FA72C34-52A7-446D-9471-BAF4442CF1A1}.Release|x64.Build.0 = Release|x64
		{5FA72C34-52A7-446D-9471-BAF4442CF1A1}.Release|x86.ActiveCfg = Release|Win32
		{5FA72C34-52A7-446D-9471-BAF4442CF1A1}.Release|x86.Build.0 = Release|Win32
	EndGlobalSection
	GlobalSection(SolutionProperties) = preSolution
		HideSolutionNode = FALSE
	EndGlobalSection
	GlobalSection(ExtensibilityGlobals) = postSolution
		SolutionGuid = {1B50E437-5D18-4929-8EC3-5964EBE69DC4}
	EndGlobalSection
EndGlobal
